
Microsoft Visual Studio Solution File, Format Version 12.00
# Visual Studio 15
VisualStudioVersion = 15.0.27703.2035
MinimumVisualStudioVersion = 10.0.40219.1
Project("{FAE04EC0-301F-11D3-BF4B-00C04F79EFBC}") = "CarRentalInteractiveGUI", "CarRentalInteractiveGUI\CarRentalInteractiveGUI.csproj", "{28137BEA-298F-4AB4-9ED4-C8C185209FFC}"
EndProject
Global
	GlobalSection(SolutionConfigurationPlatforms) = preSolution
		Debug|Any CPU = Debug|Any CPU
		Release|Any CPU = Release|Any CPU
	EndGlobalSection
	GlobalSection(ProjectConfigurationPlatforms) = postSolution
		{28137BEA-298F-4AB4-9ED4-C8C185209FFC}.Debug|Any CPU.ActiveCfg = Debug|Any CPU
		{28137BEA-298F-4AB4-9ED4-C8C185209FFC}.Debug|Any CPU.Build.0 = Debug|Any CPU
		{28137BEA-298F-4AB4-9ED4-C8C185209FFC}.Release|Any CPU.ActiveCfg = Release|Any CPU
		{28137BEA-298F-4AB4-9ED4-C8C185209FFC}.Release|Any CPU.Build.0 = Release|Any CPU
	EndGlobalSection
	GlobalSection(SolutionProperties) = preSolution
		HideSolutionNode = FALSE
	EndGlobalSection
	GlobalSection(ExtensibilityGlobals) = postSolution
		SolutionGuid = {ADF3D2DA-E325-4F54-B3B2-476C04B8C98E}
	EndGlobalSection
EndGlobal
